
Microsoft Visual Studio Solution File, Format Version 12.00
# Visual Studio Version 17
VisualStudioVersion = 17.0.31903.59
MinimumVisualStudioVersion = 10.0.40219.1
Project("{2150E333-8FDC-42A3-9474-1A3956D46DE8}") = "src", "src", "{E610E600-6887-49FF-997C-3D0CE9B041AE}"
EndProject
Project("{FAE04EC0-301F-11D3-BF4B-00C04F79EFBC}") = "Hestia.Tui", "src\Hestia.Tui\Hestia.Tui.csproj", "{8CB03CEA-9DEB-4E0E-9A63-D901689B671D}"
EndProject
Project("{FAE04EC0-301F-11D3-BF4B-00C04F79EFBC}") = "Hestia.Core", "src\Hestia.Core\Hestia.Core.csproj", "{0E8F4382-8C83-4927-8DAC-FBB516799E86}"
EndProject
Project("{FAE04EC0-301F-11D3-BF4B-00C04F79EFBC}") = "Hestia.Desktop", "src\Hestia.Desktop\Hestia.Desktop.csproj", "{F531ECF0-65BD-4379-9C2E-C45BC26A6629}"
EndProject
Project("{2150E333-8FDC-42A3-9474-1A3956D46DE8}") = "tests", "tests", "{4FA3EBC5-983A-4817-88A6-4250F4BD3F05}"
EndProject
Project("{FAE04EC0-301F-11D3-BF4B-00C04F79EFBC}") = "Hestia.Core.Tests", "tests\Hestia.Core.Tests\Hestia.Core.Tests.csproj", "{CD0E15A4-04B9-4489-AB9F-F52D47137EE3}"
EndProject
Project("{FAE04EC0-301F-11D3-BF4B-00C04F79EFBC}") = "Hestia.Tui.Tests", "tests\Hestia.Tui.Tests\Hestia.Tui.Tests.csproj", "{740C7673-F1AF-4856-9861-93860D44D0BB}"
EndProject
Global
	GlobalSection(SolutionConfigurationPlatforms) = preSolution
		Debug|Any CPU = Debug|Any CPU
		Release|Any CPU = Release|Any CPU
	EndGlobalSection
	GlobalSection(SolutionProperties) = preSolution
		HideSolutionNode = FALSE
	EndGlobalSection
	GlobalSection(ProjectConfigurationPlatforms) = postSolution
		{8CB03CEA-9DEB-4E0E-9A63-D901689B671D}.Debug|Any CPU.ActiveCfg = Debug|Any CPU
		{8CB03CEA-9DEB-4E0E-9A63-D901689B671D}.Debug|Any CPU.Build.0 = Debug|Any CPU
		{8CB03CEA-9DEB-4E0E-9A63-D901689B671D}.Release|Any CPU.ActiveCfg = Release|Any CPU
		{8CB03CEA-9DEB-4E0E-9A63-D901689B671D}.Release|Any CPU.Build.0 = Release|Any CPU
		{0E8F4382-8C83-4927-8DAC-FBB516799E86}.Debug|Any CPU.ActiveCfg = Debug|Any CPU
		{0E8F4382-8C83-4927-8DAC-FBB516799E86}.Debug|Any CPU.Build.0 = Debug|Any CPU
		{0E8F4382-8C83-4927-8DAC-FBB516799E86}.Release|Any CPU.ActiveCfg = Release|Any CPU
		{0E8F4382-8C83-4927-8DAC-FBB516799E86}.Release|Any CPU.Build.0 = Release|Any CPU
		{F531ECF0-65BD-4379-9C2E-C45BC26A6629}.Debug|Any CPU.ActiveCfg = Debug|Any CPU
		{F531ECF0-65BD-4379-9C2E-C45BC26A6629}.Debug|Any CPU.Build.0 = Debug|Any CPU
		{F531ECF0-65BD-4379-9C2E-C45BC26A6629}.Release|Any CPU.ActiveCfg = Release|Any CPU
		{F531ECF0-65BD-4379-9C2E-C45BC26A6629}.Release|Any CPU.Build.0 = Release|Any CPU
		{CD0E15A4-04B9-4489-AB9F-F52D47137EE3}.Debug|Any CPU.ActiveCfg = Debug|Any CPU
		{CD0E15A4-04B9-4489-AB9F-F52D47137EE3}.Debug|Any CPU.Build.0 = Debug|Any CPU
		{CD0E15A4-04B9-4489-AB9F-F52D47137EE3}.Release|Any CPU.ActiveCfg = Release|Any CPU
		{CD0E15A4-04B9-4489-AB9F-F52D47137EE3}.Release|Any CPU.Build.0 = Release|Any CPU
		{740C7673-F1AF-4856-9861-93860D44D0BB}.Debug|Any CPU.ActiveCfg = Debug|Any CPU
		{740C7673-F1AF-4856-9861-93860D44D0BB}.Debug|Any CPU.Build.0 = Debug|Any CPU
		{740C7673-F1AF-4856-9861-93860D44D0BB}.Release|Any CPU.ActiveCfg = Release|Any CPU
		{740C7673-F1AF-4856-9861-93860D44D0BB}.Release|Any CPU.Build.0 = Release|Any CPU
	EndGlobalSection
	GlobalSection(NestedProjects) = preSolution
		{8CB03CEA-9DEB-4E0E-9A63-D901689B671D} = {E610E600-6887-49FF-997C-3D0CE9B041AE}
		{0E8F4382-8C83-4927-8DAC-FBB516799E86} = {E610E600-6887-49FF-997C-3D0CE9B041AE}
		{F531ECF0-65BD-4379-9C2E-C45BC26A6629} = {E610E600-6887-49FF-997C-3D0CE9B041AE}
		{CD0E15A4-04B9-4489-AB9F-F52D47137EE3} = {4FA3EBC5-983A-4817-88A6-4250F4BD3F05}
		{740C7673-F1AF-4856-9861-93860D44D0BB} = {4FA3EBC5-983A-4817-88A6-4250F4BD3F05}
	EndGlobalSection
EndGlobal
